
Microsoft Visual Studio Solution File, Format Version 12.00
# Visual Studio 15
VisualStudioVersion = 15.0.26228.9
MinimumVisualStudioVersion = 10.0.40219.1
Project("{FAE04EC0-301F-11D3-BF4B-00C04F79EFBC}") = "Utills", "Utills\Utills.csproj", "{9264B474-FA13-48BD-8F2E-86CE0C8399FB}"
EndProject
Project("{FAE04EC0-301F-11D3-BF4B-00C04F79EFBC}") = "Utills.Test", "Utills.Test\Utills.Test.csproj", "{369D4928-1F13-4AFE-95AB-32BD4CACFC60}"
EndProject
Global
	GlobalSection(SolutionConfigurationPlatforms) = preSolution
		Debug|Any CPU = Debug|Any CPU
		Debug|x64 = Debug|x64
		Debug|x86 = Debug|x86
		Release|Any CPU = Release|Any CPU
		Release|x64 = Release|x64
		Release|x86 = Release|x86
	EndGlobalSection
	GlobalSection(ProjectConfigurationPlatforms) = postSolution
		{9264B474-FA13-48BD-8F2E-86CE0C8399FB}.Debug|Any CPU.ActiveCfg = Debug|Any CPU
		{9264B474-FA13-48BD-8F2E-86CE0C8399FB}.Debug|Any CPU.Build.0 = Debug|Any CPU
		{9264B474-FA13-48BD-8F2E-86CE0C8399FB}.Debug|x64.ActiveCfg = Debug|Any CPU
		{9264B474-FA13-48BD-8F2E-86CE0C8399FB}.Debug|x64.Build.0 = Debug|Any CPU
		{9264B474-FA13-48BD-8F2E-86CE0C8399FB}.Debug|x86.ActiveCfg = Debug|Any CPU
		{9264B474-FA13-48BD-8F2E-86CE0C8399FB}.Debug|x86.Build.0 = Debug|Any CPU
		{9264B474-FA13-48BD-8F2E-86CE0C8399FB}.Release|Any CPU.ActiveCfg = Release|Any CPU
		{9264B474-FA13-48BD-8F2E-86CE0C8399FB}.Release|Any CPU.Build.0 = Release|Any CPU
		{9264B474-FA13-48BD-8F2E-86CE0C8399FB}.Release|x64.ActiveCfg = Release|Any CPU
		{9264B474-FA13-48BD-8F2E-86CE0C8399FB}.Release|x64.Build.0 = Release|Any CPU
		{9264B474-FA13-48BD-8F2E-86CE0C8399FB}.Release|x86.ActiveCfg = Release|Any CPU
		{9264B474-FA13-48BD-8F2E-86CE0C8399FB}.Release|x86.Build.0 = Release|Any CPU
		{369D4928-1F13-4AFE-95AB-32BD4CACFC60}.Debug|Any CPU.ActiveCfg = Debug|Any CPU
		{369D4928-1F13-4AFE-95AB-32BD4CACFC60}.Debug|Any CPU.Build.0 = Debug|Any CPU
		{369D4928-1F13-4AFE-95AB-32BD4CACFC60}.Debug|x64.ActiveCfg = Debug|Any CPU
		{369D4928-1F13-4AFE-95AB-32BD4CACFC60}.Debug|x64.Build.0 = Debug|Any CPU
		{369D4928-1F13-4AFE-95AB-32BD4CACFC60}.Debug|x86.ActiveCfg = Debug|Any CPU
		{369D4928-1F13-4AFE-95AB-32BD4CACFC60}.Debug|x86.Build.0 = Debug|Any CPU
		{369D4928-1F13-4AFE-95AB-32BD4CACFC60}.Release|Any CPU.ActiveCfg = Release|Any CPU
		{369D4928-1F13-4AFE-95AB-32BD4CACFC60}.Release|Any CPU.Build.0 = Release|Any CPU
		{369D4928-1F13-4AFE-95AB-32BD4CACFC60}.Release|x64.ActiveCfg = Release|Any CPU
		{369D4928-1F13-4AFE-95AB-32BD4CACFC60}.Release|x64.Build.0 = Release|Any CPU
		{369D4928-1F13-4AFE-95AB-32BD4CACFC60}.Release|x86.ActiveCfg = Release|Any CPU
		{369D4928-1F13-4AFE-95AB-32BD4CACFC60}.Release|x86.Build.0 = Release|Any CPU
	EndGlobalSection
	GlobalSection(SolutionProperties) = preSolution
		HideSolutionNode = FALSE
	EndGlobalSection
EndGlobal
